
Microsoft Visual Studio Solution File, Format Version 12.00
# Visual Studio 15
VisualStudioVersion = 15.0.27130.2010
MinimumVisualStudioVersion = 10.0.40219.1
Project("{FAE04EC0-301F-11D3-BF4B-00C04F79EFBC}") = "Lindhart.Analyser.MissingAwaitWarning", "Lindhart.Analyser.MissingAwaitWarning\Lindhart.Analyser.MissingAwaitWarning\Lindhart.Analyser.MissingAwaitWarning.csproj", "{693F69C1-D89E-4CB6-9C1A-F4926E5ADE74}"
EndProject
Project("{FAE04EC0-301F-11D3-BF4B-00C04F79EFBC}") = "Lindhart.Analyser.MissingAwaitWarning.Test", "Lindhart.Analyser.MissingAwaitWarning\Lindhart.Analyser.MissingAwaitWarning.Test\Lindhart.Analyser.MissingAwaitWarning.Test.csproj", "{9F091191-604B-4212-AD9A-D08B8CFA107A}"
EndProject
Project("{FAE04EC0-301F-11D3-BF4B-00C04F79EFBC}") = "Lindhart.Analyser.MissingAwaitWarning.Vsix", "Lindhart.Analyser.MissingAwaitWarning\Lindhart.Analyser.MissingAwaitWarning.Vsix\Lindhart.Analyser.MissingAwaitWarning.Vsix.csproj", "{479432C8-F135-4C2D-B250-CBA41CB8F40B}"
EndProject
Global
	GlobalSection(SolutionConfigurationPlatforms) = preSolution
		Debug|Any CPU = Debug|Any CPU
		Release|Any CPU = Release|Any CPU
	EndGlobalSection
	GlobalSection(ProjectConfigurationPlatforms) = postSolution
		{693F69C1-D89E-4CB6-9C1A-F4926E5ADE74}.Debug|Any CPU.ActiveCfg = Debug|Any CPU
		{693F69C1-D89E-4CB6-9C1A-F4926E5ADE74}.Debug|Any CPU.Build.0 = Debug|Any CPU
		{693F69C1-D89E-4CB6-9C1A-F4926E5ADE74}.Release|Any CPU.ActiveCfg = Release|Any CPU
		{693F69C1-D89E-4CB6-9C1A-F4926E5ADE74}.Release|Any CPU.Build.0 = Release|Any CPU
		{9F091191-604B-4212-AD9A-D08B8CFA107A}.Debug|Any CPU.ActiveCfg = Debug|Any CPU
		{9F091191-604B-4212-AD9A-D08B8CFA107A}.Debug|Any CPU.Build.0 = Debug|Any CPU
		{9F091191-604B-4212-AD9A-D08B8CFA107A}.Release|Any CPU.ActiveCfg = Release|Any CPU
		{9F091191-604B-4212-AD9A-D08B8CFA107A}.Release|Any CPU.Build.0 = Release|Any CPU
		{479432C8-F135-4C2D-B250-CBA41CB8F40B}.Debug|Any CPU.ActiveCfg = Debug|Any CPU
		{479432C8-F135-4C2D-B250-CBA41CB8F40B}.Debug|Any CPU.Build.0 = Debug|Any CPU
		{479432C8-F135-4C2D-B250-CBA41CB8F40B}.Release|Any CPU.ActiveCfg = Release|Any CPU
		{479432C8-F135-4C2D-B250-CBA41CB8F40B}.Release|Any CPU.Build.0 = Release|Any CPU
	EndGlobalSection
	GlobalSection(SolutionProperties) = preSolution
		HideSolutionNode = FALSE
	EndGlobalSection
	GlobalSection(ExtensibilityGlobals) = postSolution
		SolutionGuid = {D6956B09-88B3-48AC-8276-76DE823EE59F}
	EndGlobalSection
EndGlobal
